
Microsoft Visual Studio Solution File, Format Version 12.00
# Visual Studio Version 16
VisualStudioVersion = 16.0.29020.237
MinimumVisualStudioVersion = 10.0.40219.1
Project("{FAE04EC0-301F-11D3-BF4B-00C04F79EFBC}") = "WindowsFormsApp1", "WindowsFormsApp1\WindowsFormsApp1.csproj", "{C875EE2E-286F-4F7F-B448-02A5A48713DC}"
EndProject
Global
	GlobalSection(SolutionConfigurationPlatforms) = preSolution
		Debug|Any CPU = Debug|Any CPU
		Release|Any CPU = Release|Any CPU
	EndGlobalSection
	GlobalSection(ProjectConfigurationPlatforms) = postSolution
		{C875EE2E-286F-4F7F-B448-02A5A48713DC}.Debug|Any CPU.ActiveCfg = Debug|Any CPU
		{C875EE2E-286F-4F7F-B448-02A5A48713DC}.Debug|Any CPU.Build.0 = Debug|Any CPU
		{C875EE2E-286F-4F7F-B448-02A5A48713DC}.Release|Any CPU.ActiveCfg = Release|Any CPU
		{C875EE2E-286F-4F7F-B448-02A5A48713DC}.Release|Any CPU.Build.0 = Release|Any CPU
	EndGlobalSection
	GlobalSection(SolutionProperties) = preSolution
		HideSolutionNode = FALSE
	EndGlobalSection
	GlobalSection(ExtensibilityGlobals) = postSolution
		SolutionGuid = {06E80F68-ACD4-4A89-B4BD-CF93E5A6A112}
	EndGlobalSection
EndGlobal
